
Microsoft Visual Studio Solution File, Format Version 12.00
# Visual Studio Version 16
VisualStudioVersion = 16.0.31105.61
MinimumVisualStudioVersion = 10.0.40219.1
Project("{8BC9CEB8-8B4A-11D0-8D11-00A0C91BC942}") = "Lesson", "Lesson\Lesson.vcxproj", "{4F4EC1FF-651A-4B35-808C-1249A0D68020}"
EndProject
Global
	GlobalSection(SolutionConfigurationPlatforms) = preSolution
		Debug|x64 = Debug|x64
		Debug|x86 = Debug|x86
		Release|x64 = Release|x64
		Release|x86 = Release|x86
	EndGlobalSection
	GlobalSection(ProjectConfigurationPlatforms) = postSolution
		{4F4EC1FF-651A-4B35-808C-1249A0D68020}.Debug|x64.ActiveCfg = Debug|x64
		{4F4EC1FF-651A-4B35-808C-1249A0D68020}.Debug|x64.Build.0 = Debug|x64
		{4F4EC1FF-651A-4B35-808C-1249A0D68020}.Debug|x86.ActiveCfg = Debug|Win32
		{4F4EC1FF-651A-4B35-808C-1249A0D68020}.Debug|x86.Build.0 = Debug|Win32
		{4F4EC1FF-651A-4B35-808C-1249A0D68020}.Release|x64.ActiveCfg = Release|x64
		{4F4EC1FF-651A-4B35-808C-1249A0D68020}.Release|x64.Build.0 = Release|x64
		{4F4EC1FF-651A-4B35-808C-1249A0D68020}.Release|x86.ActiveCfg = Release|Win32
		{4F4EC1FF-651A-4B35-808C-1249A0D68020}.Release|x86.Build.0 = Release|Win32
	EndGlobalSection
	GlobalSection(SolutionProperties) = preSolution
		HideSolutionNode = FALSE
	EndGlobalSection
	GlobalSection(ExtensibilityGlobals) = postSolution
		SolutionGuid = {5C64C5BE-D643-41FB-BF48-B8EAB1B87D03}
	EndGlobalSection
EndGlobal
